
Microsoft Visual Studio Solution File, Format Version 12.00
# Visual Studio Version 17
VisualStudioVersion = 17.5.002.0
MinimumVisualStudioVersion = 10.0.40219.1
Project("{9A19103F-16F7-4668-BE54-9A1E7A4F7556}") = "MvcMovie", "MvcMovie.csproj", "{C71F9B89-6342-4EED-A493-FB64F23D2798}"
EndProject
Global
	GlobalSection(SolutionConfigurationPlatforms) = preSolution
		Debug|Any CPU = Debug|Any CPU
		Release|Any CPU = Release|Any CPU
	EndGlobalSection
	GlobalSection(ProjectConfigurationPlatforms) = postSolution
		{C71F9B89-6342-4EED-A493-FB64F23D2798}.Debug|Any CPU.ActiveCfg = Debug|Any CPU
		{C71F9B89-6342-4EED-A493-FB64F23D2798}.Debug|Any CPU.Build.0 = Debug|Any CPU
		{C71F9B89-6342-4EED-A493-FB64F23D2798}.Release|Any CPU.ActiveCfg = Release|Any CPU
		{C71F9B89-6342-4EED-A493-FB64F23D2798}.Release|Any CPU.Build.0 = Release|Any CPU
	EndGlobalSection
	GlobalSection(SolutionProperties) = preSolution
		HideSolutionNode = FALSE
	EndGlobalSection
	GlobalSection(ExtensibilityGlobals) = postSolution
		SolutionGuid = {D4F3FE65-0C70-4499-ABE5-6145233807C3}
	EndGlobalSection
EndGlobal
